// !$*UTF8*$!
{
	archiveVersion = 1;
	classes = {
	};
	objectVersion = 46;
	objects = {

/* Begin PBXBuildFile section */
		10BA4BA81BF2EB1400E46B68 /* main.m in Sources */ = {isa = PBXBuildFile; fileRef = 10BA4BA71BF2EB1400E46B68 /* main.m */; };
		10BA4BAB1BF2EB1400E46B68 /* AppDelegate.m in Sources */ = {isa = PBXBuildFile; fileRef = 10BA4BAA1BF2EB1400E46B68 /* AppDelegate.m */; };
		10BA4BB31BF2EB1400E46B68 /* Assets.xcassets in Resources */ = {isa = PBXBuildFile; fileRef = 10BA4BB21BF2EB1400E46B68 /* Assets.xcassets */; };
		10BA4BB61BF2EB1400E46B68 /* LaunchScreen.storyboard in Resources */ = {isa = PBXBuildFile; fileRef = 10BA4BB41BF2EB1400E46B68 /* LaunchScreen.storyboard */; };
		10BA4BBF1BF2EB3A00E46B68 /* CKSlideView.m in Sources */ = {isa = PBXBuildFile; fileRef = 10BA4BBE1BF2EB3A00E46B68 /* CKSlideView.m */; settings = {ASSET_TAGS = (); }; };
		10BA4BC21BF2EE8C00E46B68 /* CKMovingView.m in Sources */ = {isa = PBXBuildFile; fileRef = 10BA4BC11BF2EE8C00E46B68 /* CKMovingView.m */; settings = {ASSET_TAGS = (); }; };
		10BA4BCA1BF3A58A00E46B68 /* 4.jpeg in Resources */ = {isa = PBXBuildFile; fileRef = 10BA4BC61BF3A58A00E46B68 /* 4.jpeg */; settings = {ASSET_TAGS = (); }; };
		10BA4BCB1BF3A58A00E46B68 /* 3.jpeg in Resources */ = {isa = PBXBuildFile; fileRef = 10BA4BC71BF3A58A00E46B68 /* 3.jpeg */; settings = {ASSET_TAGS = (); }; };
		10BA4BCC1BF3A58A00E46B68 /* 2.jpeg in Resources */ = {isa = PBXBuildFile; fileRef = 10BA4BC81BF3A58A00E46B68 /* 2.jpeg */; settings = {ASSET_TAGS = (); }; };
		10BA4BCD1BF3A58A00E46B68 /* 1.jpeg in Resources */ = {isa = PBXBuildFile; fileRef = 10BA4BC91BF3A58A00E46B68 /* 1.jpeg */; settings = {ASSET_TAGS = (); }; };
		10BA4BD31BF3BC7100E46B68 /* CKTableView.m in Sources */ = {isa = PBXBuildFile; fileRef = 10BA4BD21BF3BC7100E46B68 /* CKTableView.m */; settings = {ASSET_TAGS = (); }; };
		10BA4BD61BF3BEF800E46B68 /* Example2.m in Sources */ = {isa = PBXBuildFile; fileRef = 10BA4BD51BF3BEF800E46B68 /* Example2.m */; settings = {ASSET_TAGS = (); }; };
		10BA4BD91BF3C04300E46B68 /* Example1.m in Sources */ = {isa = PBXBuildFile; fileRef = 10BA4BD81BF3C04300E46B68 /* Example1.m */; settings = {ASSET_TAGS = (); }; };
		10BA4BDC1BF3C0CF00E46B68 /* Example3.m in Sources */ = {isa = PBXBuildFile; fileRef = 10BA4BDB1BF3C0CF00E46B68 /* Example3.m */; settings = {ASSET_TAGS = (); }; };
		10BA4BDF1BF3C2E500E46B68 /* Example4.m in Sources */ = {isa = PBXBuildFile; fileRef = 10BA4BDE1BF3C2E500E46B68 /* Example4.m */; settings = {ASSET_TAGS = (); }; };
/* End PBXBuildFile section */

/* Begin PBXFileReference section */
		10BA4BA31BF2EB1400E46B68 /* CKSlideView.app */ = {isa = PBXFileReference; explicitFileType = wrapper.application; includeInIndex = 0; path = CKSlideView.app; sourceTree = BUILT_PRODUCTS_DIR; };
		10BA4BA71BF2EB1400E46B68 /* main.m */ = {isa = PBXFileReference; lastKnownFileType = sourcecode.c.objc; path = main.m; sourceTree = "<group>"; };
		10BA4BA91BF2EB1400E46B68 /* AppDelegate.h */ = {isa = PBXFileReference; lastKnownFileType = sourcecode.c.h; path = AppDelegate.h; sourceTree = "<group>"; };
		10BA4BAA1BF2EB1400E46B68 /* AppDelegate.m */ = {isa = PBXFileReference; lastKnownFileType = sourcecode.c.objc; path = AppDelegate.m; sourceTree = "<group>"; };
		10BA4BB21BF2EB1400E46B68 /* Assets.xcassets */ = {isa = PBXFileReference; lastKnownFileType = folder.assetcatalog; path = Assets.xcassets; sourceTree = "<group>"; };
		10BA4BB51BF2EB1400E46B68 /* Base */ = {isa = PBXFileReference; lastKnownFileType = file.storyboard; name = Base; path = Base.lproj/LaunchScreen.storyboard; sourceTree = "<group>"; };
		10BA4BB71BF2EB1400E46B68 /* Info.plist */ = {isa = PBXFileReference; lastKnownFileType = text.plist.xml; path = Info.plist; sourceTree = "<group>"; };
		10BA4BBD1BF2EB3A00E46B68 /* CKSlideView.h */ = {isa = PBXFileReference; fileEncoding = 4; lastKnownFileType = sourcecode.c.h; path = CKSlideView.h; sourceTree = "<group>"; };
		10BA4BBE1BF2EB3A00E46B68 /* CKSlideView.m */ = {isa = PBXFileReference; fileEncoding = 4; lastKnownFileType = sourcecode.c.objc; path = CKSlideView.m; sourceTree = "<group>"; };
		10BA4BC01BF2EE8C00E46B68 /* CKMovingView.h */ = {isa = PBXFileReference; fileEncoding = 4; lastKnownFileType = sourcecode.c.h; path = CKMovingView.h; sourceTree = "<group>"; };
		10BA4BC11BF2EE8C00E46B68 /* CKMovingView.m */ = {isa = PBXFileReference; fileEncoding = 4; lastKnownFileType = sourcecode.c.objc; path = CKMovingView.m; sourceTree = "<group>"; };
		10BA4BC61BF3A58A00E46B68 /* 4.jpeg */ = {isa = PBXFileReference; lastKnownFileType = image.jpeg; path = 4.jpeg; sourceTree = "<group>"; };
		10BA4BC71BF3A58A00E46B68 /* 3.jpeg */ = {isa = PBXFileReference; lastKnownFileType = image.jpeg; path = 3.jpeg; sourceTree = "<group>"; };
		10BA4BC81BF3A58A00E46B68 /* 2.jpeg */ = {isa = PBXFileReference; lastKnownFileType = image.jpeg; path = 2.jpeg; sourceTree = "<group>"; };
		10BA4BC91BF3A58A00E46B68 /* 1.jpeg */ = {isa = PBXFileReference; lastKnownFileType = image.jpeg; path = 1.jpeg; sourceTree = "<group>"; };
		10BA4BD11BF3BC7100E46B68 /* CKTableView.h */ = {isa = PBXFileReference; fileEncoding = 4; lastKnownFileType = sourcecode.c.h; path = CKTableView.h; sourceTree = "<group>"; };
		10BA4BD21BF3BC7100E46B68 /* CKTableView.m */ = {isa = PBXFileReference; fileEncoding = 4; lastKnownFileType = sourcecode.c.objc; path = CKTableView.m; sourceTree = "<group>"; };
		10BA4BD41BF3BEF800E46B68 /* Example2.h */ = {isa = PBXFileReference; fileEncoding = 4; lastKnownFileType = sourcecode.c.h; path = Example2.h; sourceTree = "<group>"; };
		10BA4BD51BF3BEF800E46B68 /* Example2.m */ = {isa = PBXFileReference; fileEncoding = 4; lastKnownFileType = sourcecode.c.objc; path = Example2.m; sourceTree = "<group>"; };
		10BA4BD71BF3C04300E46B68 /* Example1.h */ = {isa = PBXFileReference; fileEncoding = 4; lastKnownFileType = sourcecode.c.h; path = Example1.h; sourceTree = "<group>"; };
		10BA4BD81BF3C04300E46B68 /* Example1.m */ = {isa = PBXFileReference; fileEncoding = 4; lastKnownFileType = sourcecode.c.objc; path = Example1.m; sourceTree = "<group>"; };
		10BA4BDA1BF3C0CF00E46B68 /* Example3.h */ = {isa = PBXFileReference; fileEncoding = 4; lastKnownFileType = sourcecode.c.h; path = Example3.h; sourceTree = "<group>"; };
		10BA4BDB1BF3C0CF00E46B68 /* Example3.m */ = {isa = PBXFileReference; fileEncoding = 4; lastKnownFileType = sourcecode.c.objc; path = Example3.m; sourceTree = "<group>"; };
		10BA4BDD1BF3C2E500E46B68 /* Example4.h */ = {isa = PBXFileReference; fileEncoding = 4; lastKnownFileType = sourcecode.c.h; path = Example4.h; sourceTree = "<group>"; };
		10BA4BDE1BF3C2E500E46B68 /* Example4.m */ = {isa = PBXFileReference; fileEncoding = 4; lastKnownFileType = sourcecode.c.objc; path = Example4.m; sourceTree = "<group>"; };
/* End PBXFileReference section */

/* Begin PBXFrameworksBuildPhase section */
		10BA4BA01BF2EB1400E46B68 /* Frameworks */ = {
			isa = PBXFrameworksBuildPhase;
			buildActionMask = 2147483647;
			files = (
			);
			runOnlyForDeploymentPostprocessing = 0;
		};
/* End PBXFrameworksBuildPhase section */

/* Begin PBXGroup section */
		10BA4B9A1BF2EB1400E46B68 = {
			isa = PBXGroup;
			children = (
				10BA4BA51BF2EB1400E46B68 /* CKSlideView */,
				10BA4BA41BF2EB1400E46B68 /* Products */,
			);
			sourceTree = "<group>";
		};
		10BA4BA41BF2EB1400E46B68 /* Products */ = {
			isa = PBXGroup;
			children = (
				10BA4BA31BF2EB1400E46B68 /* CKSlideView.app */,
			);
			name = Products;
			sourceTree = "<group>";
		};
		10BA4BA51BF2EB1400E46B68 /* CKSlideView */ = {
			isa = PBXGroup;
			children = (
				10BA4BE21BF3C9C100E46B68 /* Slider Classes */,
				10BA4BE11BF3C98900E46B68 /* Examples */,
				10BA4BE01BF3C97200E46B68 /* Sample images */,
				10BA4BA91BF2EB1400E46B68 /* AppDelegate.h */,
				10BA4BAA1BF2EB1400E46B68 /* AppDelegate.m */,
				10BA4BD11BF3BC7100E46B68 /* CKTableView.h */,
				10BA4BD21BF3BC7100E46B68 /* CKTableView.m */,
				10BA4BB21BF2EB1400E46B68 /* Assets.xcassets */,
				10BA4BB41BF2EB1400E46B68 /* LaunchScreen.storyboard */,
				10BA4BB71BF2EB1400E46B68 /* Info.plist */,
				10BA4BA61BF2EB1400E46B68 /* Supporting Files */,
			);
			path = CKSlideView;
			sourceTree = "<group>";
		};
		10BA4BA61BF2EB1400E46B68 /* Supporting Files */ = {
			isa = PBXGroup;
			children = (
				10BA4BA71BF2EB1400E46B68 /* main.m */,
			);
			name = "Supporting Files";
			sourceTree = "<group>";
		};
		10BA4BE01BF3C97200E46B68 /* Sample images */ = {
			isa = PBXGroup;
			children = (
				10BA4BC61BF3A58A00E46B68 /* 4.jpeg */,
				10BA4BC71BF3A58A00E46B68 /* 3.jpeg */,
				10BA4BC81BF3A58A00E46B68 /* 2.jpeg */,
				10BA4BC91BF3A58A00E46B68 /* 1.jpeg */,
			);
			name = "Sample images";
			sourceTree = "<group>";
		};
		10BA4BE11BF3C98900E46B68 /* Examples */ = {
			isa = PBXGroup;
			children = (
				10BA4BD71BF3C04300E46B68 /* Example1.h */,
				10BA4BD81BF3C04300E46B68 /* Example1.m */,
				10BA4BD41BF3BEF800E46B68 /* Example2.h */,
				10BA4BD51BF3BEF800E46B68 /* Example2.m */,
				10BA4BDA1BF3C0CF00E46B68 /* Example3.h */,
				10BA4BDB1BF3C0CF00E46B68 /* Example3.m */,
				10BA4BDD1BF3C2E500E46B68 /* Example4.h */,
				10BA4BDE1BF3C2E500E46B68 /* Example4.m */,
			);
			name = Examples;
			sourceTree = "<group>";
		};
		10BA4BE21BF3C9C100E46B68 /* Slider Classes */ = {
			isa = PBXGroup;
			children = (
				10BA4BBD1BF2EB3A00E46B68 /* CKSlideView.h */,
				10BA4BBE1BF2EB3A00E46B68 /* CKSlideView.m */,
				10BA4BC01BF2EE8C00E46B68 /* CKMovingView.h */,
				10BA4BC11BF2EE8C00E46B68 /* CKMovingView.m */,
			);
			name = "Slider Classes";
			sourceTree = "<group>";
		};
/* End PBXGroup section */

/* Begin PBXNativeTarget section */
		10BA4BA21BF2EB1400E46B68 /* CKSlideView */ = {
			isa = PBXNativeTarget;
			buildConfigurationList = 10BA4BBA1BF2EB1400E46B68 /* Build configuration list for PBXNativeTarget "CKSlideView" */;
			buildPhases = (
				10BA4B9F1BF2EB1400E46B68 /* Sources */,
				10BA4BA01BF2EB1400E46B68 /* Frameworks */,
				10BA4BA11BF2EB1400E46B68 /* Resources */,
			);
			buildRules = (
			);
			dependencies = (
			);
			name = CKSlideView;
			productName = CKSlideView;
			productReference = 10BA4BA31BF2EB1400E46B68 /* CKSlideView.app */;
			productType = "com.apple.product-type.application";
		};
/* End PBXNativeTarget section */

/* Begin PBXProject section */
		10BA4B9B1BF2EB1400E46B68 /* Project object */ = {
			isa = PBXProject;
			attributes = {
				LastUpgradeCheck = 0700;
				ORGANIZATIONNAME = SunnysideProductions;
				TargetAttributes = {
					10BA4BA21BF2EB1400E46B68 = {
						CreatedOnToolsVersion = 7.0;
					};
				};
			};
			buildConfigurationList = 10BA4B9E1BF2EB1400E46B68 /* Build configuration list for PBXProject "CKSlideView" */;
			compatibilityVersion = "Xcode 3.2";
			developmentRegion = English;
			hasScannedForEncodings = 0;
			knownRegions = (
				en,
				Base,
			);
			mainGroup = 10BA4B9A1BF2EB1400E46B68;
			productRefGroup = 10BA4BA41BF2EB1400E46B68 /* Products */;
			projectDirPath = "";
			projectRoot = "";
			targets = (
				10BA4BA21BF2EB1400E46B68 /* CKSlideView */,
			);
		};
/* End PBXProject section */

/* Begin PBXResourcesBuildPhase section */
		10BA4BA11BF2EB1400E46B68 /* Resources */ = {
			isa = PBXResourcesBuildPhase;
			buildActionMask = 2147483647;
			files = (
				10BA4BCC1BF3A58A00E46B68 /* 2.jpeg in Resources */,
				10BA4BCD1BF3A58A00E46B68 /* 1.jpeg in Resources */,
				10BA4BB61BF2EB1400E46B68 /* LaunchScreen.storyboard in Resources */,
				10BA4BCB1BF3A58A00E46B68 /* 3.jpeg in Resources */,
				10BA4BCA1BF3A58A00E46B68 /* 4.jpeg in Resources */,
				10BA4BB31BF2EB1400E46B68 /* Assets.xcassets in Resources */,
			);
			runOnlyForDeploymentPostprocessing = 0;
		};
/* End PBXResourcesBuildPhase section */

/* Begin PBXSourcesBuildPhase section */
		10BA4B9F1BF2EB1400E46B68 /* Sources */ = {
			isa = PBXSourcesBuildPhase;
			buildActionMask = 2147483647;
			files = (
				10BA4BC21BF2EE8C00E46B68 /* CKMovingView.m in Sources */,
				10BA4BAB1BF2EB1400E46B68 /* AppDelegate.m in Sources */,
				10BA4BD61BF3BEF800E46B68 /* Example2.m in Sources */,
				10BA4BD91BF3C04300E46B68 /* Example1.m in Sources */,
				10BA4BBF1BF2EB3A00E46B68 /* CKSlideView.m in Sources */,
				10BA4BDF1BF3C2E500E46B68 /* Example4.m in Sources */,
				10BA4BDC1BF3C0CF00E46B68 /* Example3.m in Sources */,
				10BA4BD31BF3BC7100E46B68 /* CKTableView.m in Sources */,
				10BA4BA81BF2EB1400E46B68 /* main.m in Sources */,
			);
			runOnlyForDeploymentPostprocessing = 0;
		};
/* End PBXSourcesBuildPhase section */

/* Begin PBXVariantGroup section */
		10BA4BB41BF2EB1400E46B68 /* LaunchScreen.storyboard */ = {
			isa = PBXVariantGroup;
			children = (
				10BA4BB51BF2EB1400E46B68 /* Base */,
			);
			name = LaunchScreen.storyboard;
			sourceTree = "<group>";
		};
/* End PBXVariantGroup section */

/* Begin XCBuildConfiguration section */
		10BA4BB81BF2EB1400E46B68 /* Debug */ = {
			isa = XCBuildConfiguration;
			buildSettings = {
				ALWAYS_SEARCH_USER_PATHS = NO;
				CLANG_CXX_LANGUAGE_STANDARD = "gnu++0x";
				CLANG_CXX_LIBRARY = "libc++";
				CLANG_ENABLE_MODULES = YES;
				CLANG_ENABLE_OBJC_ARC = YES;
				CLANG_WARN_BOOL_CONVERSION = YES;
				CLANG_WARN_CONSTANT_CONVERSION = YES;
				CLANG_WARN_DIRECT_OBJC_ISA_USAGE = YES_ERROR;
				CLANG_WARN_EMPTY_BODY = YES;
				CLANG_WARN_ENUM_CONVERSION = YES;
				CLANG_WARN_INT_CONVERSION = YES;
				CLANG_WARN_OBJC_ROOT_CLASS = YES_ERROR;
				CLANG_WARN_UNREACHABLE_CODE = YES;
				CLANG_WARN__DUPLICATE_METHOD_MATCH = YES;
				"CODE_SIGN_IDENTITY[sdk=iphoneos*]" = "iPhone Developer";
				COPY_PHASE_STRIP = NO;
				DEBUG_INFORMATION_FORMAT = dwarf;
				ENABLE_STRICT_OBJC_MSGSEND = YES;
				ENABLE_TESTABILITY = YES;
				GCC_C_LANGUAGE_STANDARD = gnu99;
				GCC_DYNAMIC_NO_PIC = NO;
				GCC_NO_COMMON_BLOCKS = YES;
				GCC_OPTIMIZATION_LEVEL = 0;
				GCC_PREPROCESSOR_DEFINITIONS = (
					"DEBUG=1",
					"$(inherited)",
				);
				GCC_WARN_64_TO_32_BIT_CONVERSION = YES;
				GCC_WARN_ABOUT_RETURN_TYPE = YES_ERROR;
				GCC_WARN_UNDECLARED_SELECTOR = YES;
				GCC_WARN_UNINITIALIZED_AUTOS = YES_AGGRESSIVE;
				GCC_WARN_UNUSED_FUNCTION = YES;
				GCC_WARN_UNUSED_VARIABLE = YES;
				IPHONEOS_DEPLOYMENT_TARGET = 9.0;
				MTL_ENABLE_DEBUG_INFO = YES;
				ONLY_ACTIVE_ARCH = YES;
				SDKROOT = iphoneos;
			};
			name = Debug;
		};
		10BA4BB91BF2EB1400E46B68 /* Release */ = {
			isa = XCBuildConfiguration;
			buildSettings = {
				ALWAYS_SEARCH_USER_PATHS = NO;
				CLANG_CXX_LANGUAGE_STANDARD = "gnu++0x";
				CLANG_CXX_LIBRARY = "libc++";
				CLANG_ENABLE_MODULES = YES;
				CLANG_ENABLE_OBJC_ARC = YES;
				CLANG_WARN_BOOL_CONVERSION = YES;
				CLANG_WARN_CONSTANT_CONVERSION = YES;
				CLANG_WARN_DIRECT_OBJC_ISA_USAGE = YES_ERROR;
				CLANG_WARN_EMPTY_BODY = YES;
				CLANG_WARN_ENUM_CONVERSION = YES;
				CLANG_WARN_INT_CONVERSION = YES;
				CLANG_WARN_OBJC_ROOT_CLASS = YES_ERROR;
				CLANG_WARN_UNREACHABLE_CODE = YES;
				CLANG_WARN__DUPLICATE_METHOD_MATCH = YES;
				"CODE_SIGN_IDENTITY[sdk=iphoneos*]" = "iPhone Developer";
				COPY_PHASE_STRIP = NO;
				DEBUG_INFORMATION_FORMAT = "dwarf-with-dsym";
				ENABLE_NS_ASSERTIONS = NO;
				ENABLE_STRICT_OBJC_MSGSEND = YES;
				GCC_C_LANGUAGE_STANDARD = gnu99;
				GCC_NO_COMMON_BLOCKS = YES;
				GCC_WARN_64_TO_32_BIT_CONVERSION = YES;
				GCC_WARN_ABOUT_RETURN_TYPE = YES_ERROR;
				GCC_WARN_UNDECLARED_SELECTOR = YES;
				GCC_WARN_UNINITIALIZED_AUTOS = YES_AGGRESSIVE;
				GCC_WARN_UNUSED_FUNCTION = YES;
				GCC_WARN_UNUSED_VARIABLE = YES;
				IPHONEOS_DEPLOYMENT_TARGET = 9.0;
				MTL_ENABLE_DEBUG_INFO = NO;
				SDKROOT = iphoneos;
				VALIDATE_PRODUCT = YES;
			};
			name = Release;
		};
		10BA4BBB1BF2EB1400E46B68 /* Debug */ = {
			isa = XCBuildConfiguration;
			buildSettings = {
				ASSETCATALOG_COMPILER_APPICON_NAME = AppIcon;
				INFOPLIST_FILE = CKSlideView/Info.plist;
				LD_RUNPATH_SEARCH_PATHS = "$(inherited) @executable_path/Frameworks";
				PRODUCT_BUNDLE_IDENTIFIER = com.SunnysideProductions.CKSlideView;
				PRODUCT_NAME = "$(TARGET_NAME)";
			};
			name = Debug;
		};
		10BA4BBC1BF2EB1400E46B68 /* Release */ = {
			isa = XCBuildConfiguration;
			buildSettings = {
				ASSETCATALOG_COMPILER_APPICON_NAME = AppIcon;
				INFOPLIST_FILE = CKSlideView/Info.plist;
				LD_RUNPATH_SEARCH_PATHS = "$(inherited) @executable_path/Frameworks";
				PRODUCT_BUNDLE_IDENTIFIER = com.SunnysideProductions.CKSlideView;
				PRODUCT_NAME = "$(TARGET_NAME)";
			};
			name = Release;
		};
/* End XCBuildConfiguration section */

/* Begin XCConfigurationList section */
		10BA4B9E1BF2EB1400E46B68 /* Build configuration list for PBXProject "CKSlideView" */ = {
			isa = XCConfigurationList;
			buildConfigurations = (
				10BA4BB81BF2EB1400E46B68 /* Debug */,
				10BA4BB91BF2EB1400E46B68 /* Release */,
			);
			defaultConfigurationIsVisible = 0;
			defaultConfigurationName = Release;
		};
		10BA4BBA1BF2EB1400E46B68 /* Build configuration list for PBXNativeTarget "CKSlideView" */ = {
			isa = XCConfigurationList;
			buildConfigurations = (
				10BA4BBB1BF2EB1400E46B68 /* Debug */,
				10BA4BBC1BF2EB1400E46B68 /* Release */,
			);
			defaultConfigurationIsVisible = 0;
		};
/* End XCConfigurationList section */
	};
	rootObject = 10BA4B9B1BF2EB1400E46B68 /* Project object */;
}
